
Microsoft Visual Studio Solution File, Format Version 12.00
# Visual Studio Version 18
VisualStudioVersion = 18.0.11018.127 d18.0
MinimumVisualStudioVersion = 10.0.40219.1
Project("{9A19103F-16F7-4668-BE54-9A1E7A4F7556}") = "RESTRunner", "RESTRunner\RESTRunner.csproj", "{88D1CFB8-A13F-4D78-8833-B9CA50575691}"
EndProject
Project("{9A19103F-16F7-4668-BE54-9A1E7A4F7556}") = "RESTRunner.Domain", "RESTRunner.Domain\RESTRunner.Domain.csproj", "{C1FD2D44-88A8-49DA-8282-F49E337F6BE4}"
EndProject
Project("{2150E333-8FDC-42A3-9474-1A3956D46DE8}") = "SolutionItems", "SolutionItems", "{455BFBB1-D17C-4340-A3F3-62C8E7EEE6C0}"
	ProjectSection(SolutionItems) = preProject
		README.md = README.md
	EndProjectSection
EndProject
Project("{9A19103F-16F7-4668-BE54-9A1E7A4F7556}") = "RESTRunner.PostmanImport", "RESTRunner.PostmanImport\RESTRunner.PostmanImport.csproj", "{9C191072-4C1F-4219-8A38-A0B08C2C0BF5}"
EndProject
Project("{9A19103F-16F7-4668-BE54-9A1E7A4F7556}") = "RESTRunner.Services.HttpClientRunner", "RESTRunner.Services.HttpClient\RESTRunner.Services.HttpClientRunner.csproj", "{164568A4-E8D5-411F-92D2-E44B539A8AFB}"
EndProject
Project("{2150E333-8FDC-42A3-9474-1A3956D46DE8}") = "Tests", "Tests", "{35EAF6D9-88BD-4F9B-9496-CDF71BF5AA1E}"
EndProject
Project("{FAE04EC0-301F-11D3-BF4B-00C04F79EFBC}") = "RESTRunner.Web", "RESTRunner.Web\RESTRunner.Web.csproj", "{77A8C0C3-E062-49E4-A453-F28B29BC016F}"
EndProject
Project("{FAE04EC0-301F-11D3-BF4B-00C04F79EFBC}") = "RESTRunner.Domain.Tests", "RESTRunner.Domain.Tests\RESTRunner.Domain.Tests.csproj", "{DD5E5BCF-2AF5-2BA9-608C-86C686B5FBDF}"
EndProject
Global
	GlobalSection(SolutionConfigurationPlatforms) = preSolution
		Debug|Any CPU = Debug|Any CPU
		Release|Any CPU = Release|Any CPU
	EndGlobalSection
	GlobalSection(ProjectConfigurationPlatforms) = postSolution
		{88D1CFB8-A13F-4D78-8833-B9CA50575691}.Debug|Any CPU.ActiveCfg = Debug|Any CPU
		{88D1CFB8-A13F-4D78-8833-B9CA50575691}.Debug|Any CPU.Build.0 = Debug|Any CPU
		{88D1CFB8-A13F-4D78-8833-B9CA50575691}.Release|Any CPU.ActiveCfg = Release|Any CPU
		{88D1CFB8-A13F-4D78-8833-B9CA50575691}.Release|Any CPU.Build.0 = Release|Any CPU
		{C1FD2D44-88A8-49DA-8282-F49E337F6BE4}.Debug|Any CPU.ActiveCfg = Debug|Any CPU
		{C1FD2D44-88A8-49DA-8282-F49E337F6BE4}.Debug|Any CPU.Build.0 = Debug|Any CPU
		{C1FD2D44-88A8-49DA-8282-F49E337F6BE4}.Release|Any CPU.ActiveCfg = Release|Any CPU
		{C1FD2D44-88A8-49DA-8282-F49E337F6BE4}.Release|Any CPU.Build.0 = Release|Any CPU
		{9C191072-4C1F-4219-8A38-A0B08C2C0BF5}.Debug|Any CPU.ActiveCfg = Debug|Any CPU
		{9C191072-4C1F-4219-8A38-A0B08C2C0BF5}.Debug|Any CPU.Build.0 = Debug|Any CPU
		{9C191072-4C1F-4219-8A38-A0B08C2C0BF5}.Release|Any CPU.ActiveCfg = Release|Any CPU
		{9C191072-4C1F-4219-8A38-A0B08C2C0BF5}.Release|Any CPU.Build.0 = Release|Any CPU
		{164568A4-E8D5-411F-92D2-E44B539A8AFB}.Debug|Any CPU.ActiveCfg = Debug|Any CPU
		{164568A4-E8D5-411F-92D2-E44B539A8AFB}.Debug|Any CPU.Build.0 = Debug|Any CPU
		{164568A4-E8D5-411F-92D2-E44B539A8AFB}.Release|Any CPU.ActiveCfg = Release|Any CPU
		{164568A4-E8D5-411F-92D2-E44B539A8AFB}.Release|Any CPU.Build.0 = Release|Any CPU
		{77A8C0C3-E062-49E4-A453-F28B29BC016F}.Debug|Any CPU.ActiveCfg = Debug|Any CPU
		{77A8C0C3-E062-49E4-A453-F28B29BC016F}.Debug|Any CPU.Build.0 = Debug|Any CPU
		{77A8C0C3-E062-49E4-A453-F28B29BC016F}.Release|Any CPU.ActiveCfg = Release|Any CPU
		{77A8C0C3-E062-49E4-A453-F28B29BC016F}.Release|Any CPU.Build.0 = Release|Any CPU
		{DD5E5BCF-2AF5-2BA9-608C-86C686B5FBDF}.Debug|Any CPU.ActiveCfg = Debug|Any CPU
		{DD5E5BCF-2AF5-2BA9-608C-86C686B5FBDF}.Debug|Any CPU.Build.0 = Debug|Any CPU
		{DD5E5BCF-2AF5-2BA9-608C-86C686B5FBDF}.Release|Any CPU.ActiveCfg = Release|Any CPU
		{DD5E5BCF-2AF5-2BA9-608C-86C686B5FBDF}.Release|Any CPU.Build.0 = Release|Any CPU
	EndGlobalSection
	GlobalSection(SolutionProperties) = preSolution
		HideSolutionNode = FALSE
	EndGlobalSection
	GlobalSection(NestedProjects) = preSolution
		{DD5E5BCF-2AF5-2BA9-608C-86C686B5FBDF} = {35EAF6D9-88BD-4F9B-9496-CDF71BF5AA1E}
	EndGlobalSection
	GlobalSection(ExtensibilityGlobals) = postSolution
		SolutionGuid = {84E323A2-B564-4189-88E6-1E3C01042473}
	EndGlobalSection
EndGlobal
