
Microsoft Visual Studio Solution File, Format Version 12.00
# Visual Studio Version 16
VisualStudioVersion = 16.0.30804.86
MinimumVisualStudioVersion = 10.0.40219.1
Project("{9A19103F-16F7-4668-BE54-9A1E7A4F7556}") = "RESTRunner", "RESTRunner\RESTRunner.csproj", "{88D1CFB8-A13F-4D78-8833-B9CA50575691}"
EndProject
Project("{9A19103F-16F7-4668-BE54-9A1E7A4F7556}") = "RESTRunner.Domain", "RESTRunner.Domain\RESTRunner.Domain.csproj", "{C1FD2D44-88A8-49DA-8282-F49E337F6BE4}"
EndProject
Project("{FAE04EC0-301F-11D3-BF4B-00C04F79EFBC}") = "RESTRunner.Services", "RESTRunner.Services\RESTRunner.Services.csproj", "{2897C336-1921-4666-B8EB-C7276BE22893}"
EndProject
Global
	GlobalSection(SolutionConfigurationPlatforms) = preSolution
		Debug|Any CPU = Debug|Any CPU
		Release|Any CPU = Release|Any CPU
	EndGlobalSection
	GlobalSection(ProjectConfigurationPlatforms) = postSolution
		{88D1CFB8-A13F-4D78-8833-B9CA50575691}.Debug|Any CPU.ActiveCfg = Debug|Any CPU
		{88D1CFB8-A13F-4D78-8833-B9CA50575691}.Debug|Any CPU.Build.0 = Debug|Any CPU
		{88D1CFB8-A13F-4D78-8833-B9CA50575691}.Release|Any CPU.ActiveCfg = Release|Any CPU
		{88D1CFB8-A13F-4D78-8833-B9CA50575691}.Release|Any CPU.Build.0 = Release|Any CPU
		{C1FD2D44-88A8-49DA-8282-F49E337F6BE4}.Debug|Any CPU.ActiveCfg = Debug|Any CPU
		{C1FD2D44-88A8-49DA-8282-F49E337F6BE4}.Debug|Any CPU.Build.0 = Debug|Any CPU
		{C1FD2D44-88A8-49DA-8282-F49E337F6BE4}.Release|Any CPU.ActiveCfg = Release|Any CPU
		{C1FD2D44-88A8-49DA-8282-F49E337F6BE4}.Release|Any CPU.Build.0 = Release|Any CPU
		{2897C336-1921-4666-B8EB-C7276BE22893}.Debug|Any CPU.ActiveCfg = Debug|Any CPU
		{2897C336-1921-4666-B8EB-C7276BE22893}.Debug|Any CPU.Build.0 = Debug|Any CPU
		{2897C336-1921-4666-B8EB-C7276BE22893}.Release|Any CPU.ActiveCfg = Release|Any CPU
		{2897C336-1921-4666-B8EB-C7276BE22893}.Release|Any CPU.Build.0 = Release|Any CPU
	EndGlobalSection
	GlobalSection(SolutionProperties) = preSolution
		HideSolutionNode = FALSE
	EndGlobalSection
	GlobalSection(ExtensibilityGlobals) = postSolution
		SolutionGuid = {84E323A2-B564-4189-88E6-1E3C01042473}
	EndGlobalSection
EndGlobal
